
Microsoft Visual Studio Solution File, Format Version 12.00
# Visual Studio 15
Project("{FAE04EC0-301F-11D3-BF4B-00C04F79EFBC}") = "Assembly-CSharp", "Assembly-CSharp.csproj", "{7BF0903C-185A-A620-B578-F8EDB1AFF29C}"
EndProject
Global
	GlobalSection(SolutionConfigurationPlatforms) = preSolution
		Debug|Any CPU = Debug|Any CPU
		Release|Any CPU = Release|Any CPU
	EndGlobalSection
	GlobalSection(ProjectConfigurationPlatforms) = postSolution
		{7BF0903C-185A-A620-B578-F8EDB1AFF29C}.Debug|Any CPU.ActiveCfg = Debug|Any CPU
		{7BF0903C-185A-A620-B578-F8EDB1AFF29C}.Debug|Any CPU.Build.0 = Debug|Any CPU
		{7BF0903C-185A-A620-B578-F8EDB1AFF29C}.Release|Any CPU.ActiveCfg = Release|Any CPU
		{7BF0903C-185A-A620-B578-F8EDB1AFF29C}.Release|Any CPU.Build.0 = Release|Any CPU
	EndGlobalSection
	GlobalSection(SolutionProperties) = preSolution
		HideSolutionNode = FALSE
	EndGlobalSection
	GlobalSection(MonoDevelopProperties) = preSolution
		StartupItem = Assembly-CSharp.csproj
	EndGlobalSection
EndGlobal
