
Microsoft Visual Studio Solution File, Format Version 12.00
# Visual Studio Version 16
VisualStudioVersion = 16.0.810.25
MinimumVisualStudioVersion = 10.0.40219.1
Project("{FAE04EC0-301F-11D3-BF4B-00C04F79EFBC}") = "StatePatten_FSM有限狀態機說明", "StatePatten_FSM有限狀態機說明\StatePatten_FSM有限狀態機說明.csproj", "{A990FDE5-A91E-48D1-A09D-E77C6B8671E3}"
EndProject
Global
	GlobalSection(SolutionConfigurationPlatforms) = preSolution
		Debug|Any CPU = Debug|Any CPU
		Release|Any CPU = Release|Any CPU
	EndGlobalSection
	GlobalSection(ProjectConfigurationPlatforms) = postSolution
		{A990FDE5-A91E-48D1-A09D-E77C6B8671E3}.Debug|Any CPU.ActiveCfg = Debug|Any CPU
		{A990FDE5-A91E-48D1-A09D-E77C6B8671E3}.Debug|Any CPU.Build.0 = Debug|Any CPU
		{A990FDE5-A91E-48D1-A09D-E77C6B8671E3}.Release|Any CPU.ActiveCfg = Release|Any CPU
		{A990FDE5-A91E-48D1-A09D-E77C6B8671E3}.Release|Any CPU.Build.0 = Release|Any CPU
	EndGlobalSection
	GlobalSection(SolutionProperties) = preSolution
		HideSolutionNode = FALSE
	EndGlobalSection
	GlobalSection(ExtensibilityGlobals) = postSolution
		SolutionGuid = {5B12982F-CC1A-4AD9-8B45-769A3F107098}
	EndGlobalSection
EndGlobal
